
Microsoft Visual Studio Solution File, Format Version 12.00
# Visual Studio Version 17
VisualStudioVersion = 17.11.35222.181
MinimumVisualStudioVersion = 10.0.40219.1
Project("{FAE04EC0-301F-11D3-BF4B-00C04F79EFBC}") = "ExceptionHandlingDemo", "ExceptionHandlingDemo\ExceptionHandlingDemo.csproj", "{276DD666-F289-4780-B390-BC751B8F9172}"
EndProject
Global
	GlobalSection(SolutionConfigurationPlatforms) = preSolution
		Debug|Any CPU = Debug|Any CPU
		Release|Any CPU = Release|Any CPU
	EndGlobalSection
	GlobalSection(ProjectConfigurationPlatforms) = postSolution
		{276DD666-F289-4780-B390-BC751B8F9172}.Debug|Any CPU.ActiveCfg = Debug|Any CPU
		{276DD666-F289-4780-B390-BC751B8F9172}.Debug|Any CPU.Build.0 = Debug|Any CPU
		{276DD666-F289-4780-B390-BC751B8F9172}.Release|Any CPU.ActiveCfg = Release|Any CPU
		{276DD666-F289-4780-B390-BC751B8F9172}.Release|Any CPU.Build.0 = Release|Any CPU
	EndGlobalSection
	GlobalSection(SolutionProperties) = preSolution
		HideSolutionNode = FALSE
	EndGlobalSection
	GlobalSection(ExtensibilityGlobals) = postSolution
		SolutionGuid = {6782D60D-944C-489B-925C-BD6DF6781DFF}
	EndGlobalSection
EndGlobal
