
Microsoft Visual Studio Solution File, Format Version 12.00
# Visual Studio Version 17
VisualStudioVersion = 17.11.35222.181
MinimumVisualStudioVersion = 10.0.40219.1
Project("{FAE04EC0-301F-11D3-BF4B-00C04F79EFBC}") = "PayrollApp.Entities", "PayrollApp.Entities\PayrollApp.Entities.csproj", "{E52BD965-97D1-4415-843E-85088512DD41}"
EndProject
Project("{FAE04EC0-301F-11D3-BF4B-00C04F79EFBC}") = "PayrollApp.UserInterface", "PayrollApp.UserInterface\PayrollApp.UserInterface.csproj", "{E6ED259E-D70C-453D-8891-2197CF9C308D}"
EndProject
Global
	GlobalSection(SolutionConfigurationPlatforms) = preSolution
		Debug|Any CPU = Debug|Any CPU
		Release|Any CPU = Release|Any CPU
	EndGlobalSection
	GlobalSection(ProjectConfigurationPlatforms) = postSolution
		{E52BD965-97D1-4415-843E-85088512DD41}.Debug|Any CPU.ActiveCfg = Debug|Any CPU
		{E52BD965-97D1-4415-843E-85088512DD41}.Debug|Any CPU.Build.0 = Debug|Any CPU
		{E52BD965-97D1-4415-843E-85088512DD41}.Release|Any CPU.ActiveCfg = Release|Any CPU
		{E52BD965-97D1-4415-843E-85088512DD41}.Release|Any CPU.Build.0 = Release|Any CPU
		{E6ED259E-D70C-453D-8891-2197CF9C308D}.Debug|Any CPU.ActiveCfg = Debug|Any CPU
		{E6ED259E-D70C-453D-8891-2197CF9C308D}.Debug|Any CPU.Build.0 = Debug|Any CPU
		{E6ED259E-D70C-453D-8891-2197CF9C308D}.Release|Any CPU.ActiveCfg = Release|Any CPU
		{E6ED259E-D70C-453D-8891-2197CF9C308D}.Release|Any CPU.Build.0 = Release|Any CPU
	EndGlobalSection
	GlobalSection(SolutionProperties) = preSolution
		HideSolutionNode = FALSE
	EndGlobalSection
	GlobalSection(ExtensibilityGlobals) = postSolution
		SolutionGuid = {775E9035-26C1-4E61-8F6D-0ABE8E64E067}
	EndGlobalSection
EndGlobal
