
Microsoft Visual Studio Solution File, Format Version 12.00
# Visual Studio Version 17
VisualStudioVersion = 17.11.35222.181
MinimumVisualStudioVersion = 10.0.40219.1
Project("{FAE04EC0-301F-11D3-BF4B-00C04F79EFBC}") = "DatabaseDemo_ADO", "DatabaseDemo_ADO\DatabaseDemo_ADO.csproj", "{F3476DFB-1F58-4CBF-B9E9-8BFFDC22ECFA}"
EndProject
Global
	GlobalSection(SolutionConfigurationPlatforms) = preSolution
		Debug|Any CPU = Debug|Any CPU
		Release|Any CPU = Release|Any CPU
	EndGlobalSection
	GlobalSection(ProjectConfigurationPlatforms) = postSolution
		{F3476DFB-1F58-4CBF-B9E9-8BFFDC22ECFA}.Debug|Any CPU.ActiveCfg = Debug|Any CPU
		{F3476DFB-1F58-4CBF-B9E9-8BFFDC22ECFA}.Debug|Any CPU.Build.0 = Debug|Any CPU
		{F3476DFB-1F58-4CBF-B9E9-8BFFDC22ECFA}.Release|Any CPU.ActiveCfg = Release|Any CPU
		{F3476DFB-1F58-4CBF-B9E9-8BFFDC22ECFA}.Release|Any CPU.Build.0 = Release|Any CPU
	EndGlobalSection
	GlobalSection(SolutionProperties) = preSolution
		HideSolutionNode = FALSE
	EndGlobalSection
	GlobalSection(ExtensibilityGlobals) = postSolution
		SolutionGuid = {0C1F5618-89E4-4798-A314-C8A3C5A5F9F7}
	EndGlobalSection
EndGlobal
